
Microsoft Visual Studio Solution File, Format Version 12.00
# Visual Studio Version 16
VisualStudioVersion = 16.0.34114.132
MinimumVisualStudioVersion = 10.0.40219.1
Project("{FAE04EC0-301F-11D3-BF4B-00C04F79EFBC}") = "Orla de Randy", "Orla de Randy\Orla de Randy.csproj", "{03339A6E-2183-47BC-9268-5A3049CC374C}"
EndProject
Global
	GlobalSection(SolutionConfigurationPlatforms) = preSolution
		Debug|Any CPU = Debug|Any CPU
		Release|Any CPU = Release|Any CPU
	EndGlobalSection
	GlobalSection(ProjectConfigurationPlatforms) = postSolution
		{03339A6E-2183-47BC-9268-5A3049CC374C}.Debug|Any CPU.ActiveCfg = Debug|Any CPU
		{03339A6E-2183-47BC-9268-5A3049CC374C}.Debug|Any CPU.Build.0 = Debug|Any CPU
		{03339A6E-2183-47BC-9268-5A3049CC374C}.Release|Any CPU.ActiveCfg = Release|Any CPU
		{03339A6E-2183-47BC-9268-5A3049CC374C}.Release|Any CPU.Build.0 = Release|Any CPU
	EndGlobalSection
	GlobalSection(SolutionProperties) = preSolution
		HideSolutionNode = FALSE
	EndGlobalSection
	GlobalSection(ExtensibilityGlobals) = postSolution
		SolutionGuid = {C6BE7302-FDA6-4546-9F3B-06CA1A524605}
	EndGlobalSection
EndGlobal
