
Microsoft Visual Studio Solution File, Format Version 12.00
# Visual Studio Version 16
VisualStudioVersion = 16.0.33927.289
MinimumVisualStudioVersion = 10.0.40219.1
Project("{FAE04EC0-301F-11D3-BF4B-00C04F79EFBC}") = "ProyectoFigma", "ProyectoFigma.csproj", "{DD798D8B-ACB6-4621-9A4C-968CE4F23466}"
EndProject
Global
	GlobalSection(SolutionConfigurationPlatforms) = preSolution
		Debug|Any CPU = Debug|Any CPU
		Release|Any CPU = Release|Any CPU
	EndGlobalSection
	GlobalSection(ProjectConfigurationPlatforms) = postSolution
		{DD798D8B-ACB6-4621-9A4C-968CE4F23466}.Debug|Any CPU.ActiveCfg = Debug|Any CPU
		{DD798D8B-ACB6-4621-9A4C-968CE4F23466}.Debug|Any CPU.Build.0 = Debug|Any CPU
		{DD798D8B-ACB6-4621-9A4C-968CE4F23466}.Release|Any CPU.ActiveCfg = Release|Any CPU
		{DD798D8B-ACB6-4621-9A4C-968CE4F23466}.Release|Any CPU.Build.0 = Release|Any CPU
	EndGlobalSection
	GlobalSection(SolutionProperties) = preSolution
		HideSolutionNode = FALSE
	EndGlobalSection
	GlobalSection(ExtensibilityGlobals) = postSolution
		SolutionGuid = {567DA3EE-FCD7-4D70-9896-D16808F62E34}
	EndGlobalSection
EndGlobal
