
Microsoft Visual Studio Solution File, Format Version 12.00
# Visual Studio Version 16
VisualStudioVersion = 16.0.34114.132
MinimumVisualStudioVersion = 10.0.40219.1
Project("{FAE04EC0-301F-11D3-BF4B-00C04F79EFBC}") = "Formulario_Usabilidad", "Formulario_Usabilidad\Formulario_Usabilidad.csproj", "{03D3B158-2654-43D6-8CCC-78B63B8C5291}"
EndProject
Global
	GlobalSection(SolutionConfigurationPlatforms) = preSolution
		Debug|Any CPU = Debug|Any CPU
		Release|Any CPU = Release|Any CPU
	EndGlobalSection
	GlobalSection(ProjectConfigurationPlatforms) = postSolution
		{03D3B158-2654-43D6-8CCC-78B63B8C5291}.Debug|Any CPU.ActiveCfg = Debug|Any CPU
		{03D3B158-2654-43D6-8CCC-78B63B8C5291}.Debug|Any CPU.Build.0 = Debug|Any CPU
		{03D3B158-2654-43D6-8CCC-78B63B8C5291}.Release|Any CPU.ActiveCfg = Release|Any CPU
		{03D3B158-2654-43D6-8CCC-78B63B8C5291}.Release|Any CPU.Build.0 = Release|Any CPU
	EndGlobalSection
	GlobalSection(SolutionProperties) = preSolution
		HideSolutionNode = FALSE
	EndGlobalSection
	GlobalSection(ExtensibilityGlobals) = postSolution
		SolutionGuid = {B4474F81-7065-40D0-8198-376A90535E8E}
	EndGlobalSection
EndGlobal
