
Microsoft Visual Studio Solution File, Format Version 12.00
# Visual Studio Version 16
VisualStudioVersion = 16.0.33927.289
MinimumVisualStudioVersion = 10.0.40219.1
Project("{FAE04EC0-301F-11D3-BF4B-00C04F79EFBC}") = "conexion  a Base de Datos", "conexion  a Base de Datos.csproj", "{1D5DA24E-7959-4CD8-ABB4-5282951A4B38}"
EndProject
Global
	GlobalSection(SolutionConfigurationPlatforms) = preSolution
		Debug|Any CPU = Debug|Any CPU
		Release|Any CPU = Release|Any CPU
	EndGlobalSection
	GlobalSection(ProjectConfigurationPlatforms) = postSolution
		{1D5DA24E-7959-4CD8-ABB4-5282951A4B38}.Debug|Any CPU.ActiveCfg = Debug|Any CPU
		{1D5DA24E-7959-4CD8-ABB4-5282951A4B38}.Debug|Any CPU.Build.0 = Debug|Any CPU
		{1D5DA24E-7959-4CD8-ABB4-5282951A4B38}.Release|Any CPU.ActiveCfg = Release|Any CPU
		{1D5DA24E-7959-4CD8-ABB4-5282951A4B38}.Release|Any CPU.Build.0 = Release|Any CPU
	EndGlobalSection
	GlobalSection(SolutionProperties) = preSolution
		HideSolutionNode = FALSE
	EndGlobalSection
	GlobalSection(ExtensibilityGlobals) = postSolution
		SolutionGuid = {B2B6A5F1-6299-415D-9167-C648FA235751}
	EndGlobalSection
EndGlobal
